
Microsoft Visual Studio Solution File, Format Version 12.00
# Visual Studio Version 16
VisualStudioVersion = 16.0.29806.167
MinimumVisualStudioVersion = 10.0.40219.1
Project("{9A19103F-16F7-4668-BE54-9A1E7A4F7556}") = "ModeManager", "ModeManager\ModeManager.csproj", "{07E9F84E-7FC8-4EC2-891D-88C22376492C}"
EndProject
Project("{2150E333-8FDC-42A3-9474-1A3956D46DE8}") = "Solution Items", "Solution Items", "{1A9AA04C-A4A9-4AD7-933C-C8AA99AE5B6E}"
EndProject
Global
	GlobalSection(SolutionConfigurationPlatforms) = preSolution
		Debug|Any CPU = Debug|Any CPU
		Release|Any CPU = Release|Any CPU
	EndGlobalSection
	GlobalSection(ProjectConfigurationPlatforms) = postSolution
		{07E9F84E-7FC8-4EC2-891D-88C22376492C}.Debug|Any CPU.ActiveCfg = Debug|Any CPU
		{07E9F84E-7FC8-4EC2-891D-88C22376492C}.Debug|Any CPU.Build.0 = Debug|Any CPU
		{07E9F84E-7FC8-4EC2-891D-88C22376492C}.Release|Any CPU.ActiveCfg = Release|Any CPU
		{07E9F84E-7FC8-4EC2-891D-88C22376492C}.Release|Any CPU.Build.0 = Release|Any CPU
	EndGlobalSection
	GlobalSection(SolutionProperties) = preSolution
		HideSolutionNode = FALSE
	EndGlobalSection
	GlobalSection(ExtensibilityGlobals) = postSolution
		SolutionGuid = {3771C141-3A12-477A-9D19-473AFF4A5522}
	EndGlobalSection
EndGlobal
